
Microsoft Visual Studio Solution File, Format Version 12.00
# Visual Studio Version 16
VisualStudioVersion = 16.0.29123.88
MinimumVisualStudioVersion = 10.0.40219.1
Project("{D2ABAB84-BF74-430A-B69E-9DC6D40DDA17}") = "cubo201504381", "cubo201504381\cubo201504381.dwproj", "{AB15C846-3615-4755-B42B-642A745A6523}"
EndProject
Global
	GlobalSection(SolutionConfigurationPlatforms) = preSolution
		Development|Default = Development|Default
	EndGlobalSection
	GlobalSection(ProjectConfigurationPlatforms) = postSolution
		{AB15C846-3615-4755-B42B-642A745A6523}.Development|Default.ActiveCfg = Development
		{AB15C846-3615-4755-B42B-642A745A6523}.Development|Default.Build.0 = Development
		{AB15C846-3615-4755-B42B-642A745A6523}.Development|Default.Deploy.0 = Development
	EndGlobalSection
	GlobalSection(SolutionProperties) = preSolution
		HideSolutionNode = FALSE
	EndGlobalSection
	GlobalSection(ExtensibilityGlobals) = postSolution
		SolutionGuid = {9B72CFE0-567C-43F1-8929-668A5FAF9623}
	EndGlobalSection
EndGlobal
