
Microsoft Visual Studio Solution File, Format Version 12.00
# Visual Studio Version 16
VisualStudioVersion = 16.0.29123.88
MinimumVisualStudioVersion = 10.0.40219.1
Project("{F14B399A-7131-4C87-9E4B-1186C45EF12D}") = "REPORTE_SEMI2_Proyecto1", "REPORTE_SEMI2_Proyecto1\REPORTE_SEMI2_Proyecto1.rptproj", "{2C815BB1-D730-44C1-95C9-BDC5E08954F9}"
EndProject
Global
	GlobalSection(SolutionConfigurationPlatforms) = preSolution
		Debug|Default = Debug|Default
		DebugLocal|Default = DebugLocal|Default
		Release|Default = Release|Default
	EndGlobalSection
	GlobalSection(ProjectConfigurationPlatforms) = postSolution
		{2C815BB1-D730-44C1-95C9-BDC5E08954F9}.Debug|Default.ActiveCfg = Debug
		{2C815BB1-D730-44C1-95C9-BDC5E08954F9}.Debug|Default.Build.0 = Debug
		{2C815BB1-D730-44C1-95C9-BDC5E08954F9}.Debug|Default.Deploy.0 = Debug
		{2C815BB1-D730-44C1-95C9-BDC5E08954F9}.DebugLocal|Default.ActiveCfg = DebugLocal
		{2C815BB1-D730-44C1-95C9-BDC5E08954F9}.DebugLocal|Default.Build.0 = DebugLocal
		{2C815BB1-D730-44C1-95C9-BDC5E08954F9}.Release|Default.ActiveCfg = Release
		{2C815BB1-D730-44C1-95C9-BDC5E08954F9}.Release|Default.Build.0 = Release
		{2C815BB1-D730-44C1-95C9-BDC5E08954F9}.Release|Default.Deploy.0 = Release
	EndGlobalSection
	GlobalSection(SolutionProperties) = preSolution
		HideSolutionNode = FALSE
	EndGlobalSection
	GlobalSection(ExtensibilityGlobals) = postSolution
		SolutionGuid = {B4387964-2F92-4C54-88A4-F5A2E9D06F91}
	EndGlobalSection
EndGlobal
